
Microsoft Visual Studio Solution File, Format Version 12.00
# Visual Studio 15
Project("{FAE04EC0-301F-11D3-BF4B-00C04F79EFBC}") = "TruckWebApi", "TruckWebApi\TruckWebApi.csproj", "{AF7CD3F0-A408-4C7A-8EE1-09B0CEC98DD8}"
EndProject
Project("{FAE04EC0-301F-11D3-BF4B-00C04F79EFBC}") = "TruckTests", "TruckTests\TruckTests.csproj", "{7E0FB863-71C0-4A92-AB8D-C0E971213272}"
EndProject
Global
	GlobalSection(SolutionConfigurationPlatforms) = preSolution
		Debug|Any CPU = Debug|Any CPU
		Release|Any CPU = Release|Any CPU
	EndGlobalSection
	GlobalSection(ProjectConfigurationPlatforms) = postSolution
		{AF7CD3F0-A408-4C7A-8EE1-09B0CEC98DD8}.Debug|Any CPU.ActiveCfg = Debug|Any CPU
		{AF7CD3F0-A408-4C7A-8EE1-09B0CEC98DD8}.Debug|Any CPU.Build.0 = Debug|Any CPU
		{AF7CD3F0-A408-4C7A-8EE1-09B0CEC98DD8}.Release|Any CPU.ActiveCfg = Release|Any CPU
		{AF7CD3F0-A408-4C7A-8EE1-09B0CEC98DD8}.Release|Any CPU.Build.0 = Release|Any CPU
		{7E0FB863-71C0-4A92-AB8D-C0E971213272}.Debug|Any CPU.ActiveCfg = Debug|Any CPU
		{7E0FB863-71C0-4A92-AB8D-C0E971213272}.Debug|Any CPU.Build.0 = Debug|Any CPU
		{7E0FB863-71C0-4A92-AB8D-C0E971213272}.Release|Any CPU.ActiveCfg = Release|Any CPU
		{7E0FB863-71C0-4A92-AB8D-C0E971213272}.Release|Any CPU.Build.0 = Release|Any CPU
	EndGlobalSection
EndGlobal
